
Microsoft Visual Studio Solution File, Format Version 12.00
# Visual Studio Version 17
VisualStudioVersion = 17.4.33122.133
MinimumVisualStudioVersion = 10.0.40219.1
Project("{9A19103F-16F7-4668-BE54-9A1E7A4F7556}") = "DotJEM.Json.Index.Manager.Test", "DotJEM.Json.Index.Manager.Test\DotJEM.Json.Index.Manager.Test.csproj", "{BEAD265A-4B1A-4065-BC56-79771C31F4DB}"
EndProject
Project("{9A19103F-16F7-4668-BE54-9A1E7A4F7556}") = "DotJEM.Json.Index.Manager", "DotJEM.Json.Index.Manager\DotJEM.Json.Index.Manager.csproj", "{FB6A2E75-57CE-4DC6-B9A7-34E871056ACD}"
EndProject
Project("{FAE04EC0-301F-11D3-BF4B-00C04F79EFBC}") = "Stress", "Stress\Stress.csproj", "{6C21AC8F-E999-4A89-A949-11D9C82021AA}"
EndProject
Global
	GlobalSection(SolutionConfigurationPlatforms) = preSolution
		Debug|Any CPU = Debug|Any CPU
		Release|Any CPU = Release|Any CPU
	EndGlobalSection
	GlobalSection(ProjectConfigurationPlatforms) = postSolution
		{BEAD265A-4B1A-4065-BC56-79771C31F4DB}.Debug|Any CPU.ActiveCfg = Debug|Any CPU
		{BEAD265A-4B1A-4065-BC56-79771C31F4DB}.Debug|Any CPU.Build.0 = Debug|Any CPU
		{BEAD265A-4B1A-4065-BC56-79771C31F4DB}.Release|Any CPU.ActiveCfg = Release|Any CPU
		{BEAD265A-4B1A-4065-BC56-79771C31F4DB}.Release|Any CPU.Build.0 = Release|Any CPU
		{FB6A2E75-57CE-4DC6-B9A7-34E871056ACD}.Debug|Any CPU.ActiveCfg = Debug|Any CPU
		{FB6A2E75-57CE-4DC6-B9A7-34E871056ACD}.Debug|Any CPU.Build.0 = Debug|Any CPU
		{FB6A2E75-57CE-4DC6-B9A7-34E871056ACD}.Release|Any CPU.ActiveCfg = Release|Any CPU
		{FB6A2E75-57CE-4DC6-B9A7-34E871056ACD}.Release|Any CPU.Build.0 = Release|Any CPU
		{6C21AC8F-E999-4A89-A949-11D9C82021AA}.Debug|Any CPU.ActiveCfg = Debug|Any CPU
		{6C21AC8F-E999-4A89-A949-11D9C82021AA}.Debug|Any CPU.Build.0 = Debug|Any CPU
		{6C21AC8F-E999-4A89-A949-11D9C82021AA}.Release|Any CPU.ActiveCfg = Release|Any CPU
		{6C21AC8F-E999-4A89-A949-11D9C82021AA}.Release|Any CPU.Build.0 = Release|Any CPU
	EndGlobalSection
	GlobalSection(SolutionProperties) = preSolution
		HideSolutionNode = FALSE
	EndGlobalSection
	GlobalSection(ExtensibilityGlobals) = postSolution
		SolutionGuid = {6D4E8224-FAC8-452B-AE87-5C3A8D8BDCC0}
	EndGlobalSection
EndGlobal
